{
  "version": "2",
  "remote": {},
  "npm": {
    "specifiers": {
      "dotenv@^16.3.1": "dotenv@16.3.1",
      "meowerbot@^2023.5.22": "meowerbot@2023.5.22",
      "mongodb@^6.1.0": "mongodb@6.1.0",
      "revolt.js@^7.0.0-beta.9": "revolt.js@7.0.0-beta.9_solid-js@1.7.11_ws@8.14.1"
    },
    "packages": {
      "@insertish/oapi@0.1.18": {
        "integrity": "sha512-LZLUk3WmzUjCM0quensexvQx/Kk1MpFBtCLJRnRrPOiaFT37JpOmWUFlrdu0sPS6B9wi2edEBeLcsnIiq85WMA==",
        "dependencies": {
          "axios": "axios@0.26.1",
          "openapi-typescript": "openapi-typescript@5.4.1",
          "typescript": "typescript@4.9.5"
        }
      },
      "@mongodb-js/saslprep@1.1.0": {
        "integrity": "sha512-Xfijy7HvfzzqiOAhAepF4SGN5e9leLkMvg/OPOF97XemjfVCYN/oWa75wnkc6mltMSTwY+XlbhWgUOJmkFspSw==",
        "dependencies": {
          "sparse-bitfield": "sparse-bitfield@3.0.3"
        }
      },
      "@mxssfd/typedoc-theme@1.1.3_typedoc@0.25.1__typescript@5.1.6": {
        "integrity": "sha512-/yP5rqhvibMpzXpmw0YLLRCpoj3uVWWlwyJseZXzGxTfiA6/fd1uubUqNoQAi2U19atMDonq8mQc+hlVctrX4g==",
        "dependencies": {
          "typedoc": "typedoc@0.25.1_typescript@5.1.6"
        }
      },
      "@solid-primitives/map@0.4.8_solid-js@1.7.11": {
        "integrity": "sha512-p9zhIaIWOQVxLaUEjg6nzrBLZUOzozJFHatdKqISSIq7iJhVXX1M1MPzDHHqKyJw/nSENoKgvZehnG3HErnamw==",
        "dependencies": {
          "@solid-primitives/trigger": "@solid-primitives/trigger@1.0.8_solid-js@1.7.11",
          "solid-js": "solid-js@1.7.11"
        }
      },
      "@solid-primitives/set@0.4.8_solid-js@1.7.11": {
        "integrity": "sha512-kYZ5o4w2oeaDBvQyBeBB7gmGWeR4MWIP36SuMqRwOPzOWyxA2QFlwQr+iL4zo8lNJVssvBhSdm5HwFzWbob/hA==",
        "dependencies": {
          "@solid-primitives/trigger": "@solid-primitives/trigger@1.0.8_solid-js@1.7.11",
          "solid-js": "solid-js@1.7.11"
        }
      },
      "@solid-primitives/trigger@1.0.8_solid-js@1.7.11": {
        "integrity": "sha512-p9e3FGhCk8sRPxDiCT8vnTE+DOEtrAnJZP4zV0NAV6YGnpV50JATVXNiLjKgyiI/mTIRkWB0+9c5SUbRlqFx6A==",
        "dependencies": {
          "@solid-primitives/utils": "@solid-primitives/utils@6.2.1_solid-js@1.7.11",
          "solid-js": "solid-js@1.7.11"
        }
      },
      "@solid-primitives/utils@6.2.1_solid-js@1.7.11": {
        "integrity": "sha512-TsecNzxiO5bLfzqb4OOuzfUmdOROcssuGqgh5rXMMaasoFZ3GoveUgdY1wcf17frMJM7kCNGNuK34EjErneZkg==",
        "dependencies": {
          "solid-js": "solid-js@1.7.11"
        }
      },
      "@types/node@18.16.19": {
        "integrity": "sha512-IXl7o+R9iti9eBW4Wg2hx1xQDig183jj7YLn8F7udNceyfkbn1ZxmzZXuak20gR40D7pIkIY1kYGx5VIGbaHKA==",
        "dependencies": {}
      },
      "@types/webidl-conversions@7.0.0": {
        "integrity": "sha512-xTE1E+YF4aWPJJeUzaZI5DRntlkY3+BCVJi0axFptnjGmAoWxkyREIh/XMrfxVLejwQxMCfDXdICo0VLxThrog==",
        "dependencies": {}
      },
      "@types/whatwg-url@8.2.2": {
        "integrity": "sha512-FtQu10RWgn3D9U4aazdwIE2yzphmTJREDqNdODHrbrZmmMqI0vMheC/6NE/J1Yveaj8H+ela+YwWTjq5PGmuhA==",
        "dependencies": {
          "@types/node": "@types/node@18.16.19",
          "@types/webidl-conversions": "@types/webidl-conversions@7.0.0"
        }
      },
      "ansi-sequence-parser@1.1.1": {
        "integrity": "sha512-vJXt3yiaUL4UU546s3rPXlsry/RnM730G1+HkpKE012AN0sx1eOrxSu95oKDIonskeLTijMgqWZ3uDEe3NFvyg==",
        "dependencies": {}
      },
      "argparse@2.0.1": {
        "integrity": "sha512-8+9WqebbFzpX9OR+Wa6O29asIogeRMzcGtAINdpMHHyAg10f05aSFVBbcEqGf/PXw1EjAZ+q2/bEBg3DvurK3Q==",
        "dependencies": {}
      },
      "axios@0.26.1": {
        "integrity": "sha512-fPwcX4EvnSHuInCMItEhAGnaSEXRBjtzh9fOtsE6E1G6p7vl7edEeZe11QHf18+6+9gR5PbKV/sGKNaD8YaMeA==",
        "dependencies": {
          "follow-redirects": "follow-redirects@1.15.2"
        }
      },
      "balanced-match@1.0.2": {
        "integrity": "sha512-3oSeUO0TMV67hN1AmbXsK4yaqU7tjiHlbxRDZOpH0KW9+CeX4bRAaX0Anxt0tx2MrpRpWwQaPwIlISEJhYU5Pw==",
        "dependencies": {}
      },
      "brace-expansion@2.0.1": {
        "integrity": "sha512-XnAIvQ8eM+kC6aULx6wuQiwVsnzsi9d3WxzV3FpWTGA19F621kwdbsAcFKXgKUHZWsy+mY6iL1sHTxWEFCytDA==",
        "dependencies": {
          "balanced-match": "balanced-match@1.0.2"
        }
      },
      "bson@6.1.0": {
        "integrity": "sha512-yiQ3KxvpVoRpx1oD1uPz4Jit9tAVTJgjdmjDKtUErkOoL9VNoF8Dd58qtAOL5E40exx2jvAT9sqdRSK/r+SHlA==",
        "dependencies": {}
      },
      "busboy@1.6.0": {
        "integrity": "sha512-8SFQbg/0hQ9xy3UNTB0YEnsNBbWfhf7RtnzpL7TkBiTBRfrQ9Fxcnz7VJsleJpyp6rVLvXiuORqjlHi5q+PYuA==",
        "dependencies": {
          "streamsearch": "streamsearch@1.1.0"
        }
      },
      "csstype@3.1.2": {
        "integrity": "sha512-I7K1Uu0MBPzaFKg4nI5Q7Vs2t+3gWWW648spaF+Rg7pI9ds18Ugn+lvg4SHczUdKlHI5LWBXyqfS8+DufyBsgQ==",
        "dependencies": {}
      },
      "data-uri-to-buffer@4.0.1": {
        "integrity": "sha512-0R9ikRb668HB7QDxT1vkpuUBtqc53YyAwMwGeUFKRojY/NWKvdZ+9UYtRfGmhqNbRkTSVpMbmyhXipFFv2cb/A==",
        "dependencies": {}
      },
      "dotenv@16.3.1": {
        "integrity": "sha512-IPzF4w4/Rd94bA9imS68tZBaYyBWSCE47V1RGuMrB94iyTOIEwRmVL2x/4An+6mETpLrKJ5hQkB8W4kFAadeIQ==",
        "dependencies": {}
      },
      "eventemitter3@5.0.1": {
        "integrity": "sha512-GWkBvjiSZK87ELrYOSESUYeVIc9mvLLf/nXalMOS5dYrgZq9o5OVkbZAVM06CVxYsCwH9BDZFPlQTlPA1j4ahA==",
        "dependencies": {}
      },
      "fetch-blob@3.2.0": {
        "integrity": "sha512-7yAQpD2UMJzLi1Dqv7qFYnPbaPx7ZfFK6PiIxQ4PfkGPyNyl2Ugx+a/umUonmKqjhM4DnfbMvdX6otXq83soQQ==",
        "dependencies": {
          "node-domexception": "node-domexception@1.0.0",
          "web-streams-polyfill": "web-streams-polyfill@3.2.1"
        }
      },
      "follow-redirects@1.15.2": {
        "integrity": "sha512-VQLG33o04KaQ8uYi2tVNbdrWp1QWxNNea+nmIB4EVM28v0hmP17z7aG1+wAkNzVq4KeXTq3221ye5qTJP91JwA==",
        "dependencies": {}
      },
      "formdata-polyfill@4.0.10": {
        "integrity": "sha512-buewHzMvYL29jdeQTVILecSaZKnt/RJWjoZCF5OW60Z67/GmSLBkOFM7qh1PI3zFNtJbaZL5eQu1vLfazOwj4g==",
        "dependencies": {
          "fetch-blob": "fetch-blob@3.2.0"
        }
      },
      "globalyzer@0.1.0": {
        "integrity": "sha512-40oNTM9UfG6aBmuKxk/giHn5nQ8RVz/SS4Ir6zgzOv9/qC3kKZ9v4etGTcJbEl/NyVQH7FGU7d+X1egr57Md2Q==",
        "dependencies": {}
      },
      "globrex@0.1.2": {
        "integrity": "sha512-uHJgbwAMwNFf5mLst7IWLNg14x1CkeqglJb/K3doi4dw6q2IvAAmM/Y81kevy83wP+Sst+nutFTYOGg3d1lsxg==",
        "dependencies": {}
      },
      "isomorphic-ws@5.0.0_ws@8.14.1": {
        "integrity": "sha512-muId7Zzn9ywDsyXgTIafTry2sV3nySZeUDe6YedVd1Hvuuep5AsIlqK+XefWpYTyJG5e503F2xIuT2lcU6rCSw==",
        "dependencies": {
          "ws": "ws@8.14.1"
        }
      },
      "js-yaml@4.1.0": {
        "integrity": "sha512-wpxZs9NoxZaJESJGIZTyDEaYpl0FKSA+FB9aJiyemKhMwkxQg63h4T1KJgUGHpTqPDNRcmmYLugrRjJlBtWvRA==",
        "dependencies": {
          "argparse": "argparse@2.0.1"
        }
      },
      "jsonc-parser@3.2.0": {
        "integrity": "sha512-gfFQZrcTc8CnKXp6Y4/CBT3fTc0OVuDofpre4aEeEpSBPV5X5v4+Vmx+8snU7RLPrNHPKSgLxGo9YuQzz20o+w==",
        "dependencies": {}
      },
      "lodash.defaultsdeep@4.6.1": {
        "integrity": "sha512-3j8wdDzYuWO3lM3Reg03MuQR957t287Rpcxp1njpEa8oDrikb+FwGdW3n+FELh/A6qib6yPit0j/pv9G/yeAqA==",
        "dependencies": {}
      },
      "long@5.2.3": {
        "integrity": "sha512-lcHwpNoggQTObv5apGNCTdJrO69eHOZMi4BNC+rTLER8iHAqGrUVeLh/irVIM7zTw2bOXA8T6uNPeujwOLg/2Q==",
        "dependencies": {}
      },
      "lunr@2.3.9": {
        "integrity": "sha512-zTU3DaZaF3Rt9rhN3uBMGQD3dD2/vFQqnvZCDv4dl5iOzq2IZQqTxu90r4E5J+nP70J3ilqVCrbho2eWaeW8Ow==",
        "dependencies": {}
      },
      "marked@4.3.0": {
        "integrity": "sha512-PRsaiG84bK+AMvxziE/lCFss8juXjNaWzVbN5tXAm4XjeaS9NAHhop+PjQxz2A9h8Q4M/xGmzP8vqNwy6JeK0A==",
        "dependencies": {}
      },
      "memory-pager@1.5.0": {
        "integrity": "sha512-ZS4Bp4r/Zoeq6+NLJpP+0Zzm0pR8whtGPf1XExKLJBAczGMnSi3It14OiNCStjQjM6NU1okjQGSxgEZN8eBYKg==",
        "dependencies": {}
      },
      "meowerbot@2023.5.22": {
        "integrity": "sha512-4KkYmycpy39XwPprL1CkBgw3EilFijV50goBq2km1GtLGJ6blvuECR6KuBrGvRrHacC5koDjOp4M6CST81nUsg==",
        "dependencies": {
          "node-fetch": "node-fetch@3.3.2",
          "ws": "ws@8.14.1"
        }
      },
      "mime@3.0.0": {
        "integrity": "sha512-jSCU7/VB1loIWBZe14aEYHU/+1UMEHoaO7qxCOVJOw9GgH72VAWppxNcjU+x9a2k3GSIBXNKxXQFqRvvZ7vr3A==",
        "dependencies": {}
      },
      "minimatch@9.0.3": {
        "integrity": "sha512-RHiac9mvaRw0x3AYRgDC1CxAP7HTcNrrECeA8YYJeWnpo+2Q5CegtZjaotWTWxDG3UeGA1coE05iH1mPjT/2mg==",
        "dependencies": {
          "brace-expansion": "brace-expansion@2.0.1"
        }
      },
      "mongodb-connection-string-url@2.6.0": {
        "integrity": "sha512-WvTZlI9ab0QYtTYnuMLgobULWhokRjtC7db9LtcVfJ+Hsnyr5eo6ZtNAt3Ly24XZScGMelOcGtm7lSn0332tPQ==",
        "dependencies": {
          "@types/whatwg-url": "@types/whatwg-url@8.2.2",
          "whatwg-url": "whatwg-url@11.0.0"
        }
      },
      "mongodb@6.1.0": {
        "integrity": "sha512-AvzNY0zMkpothZ5mJAaIo2bGDjlJQqqAbn9fvtVgwIIUPEfdrqGxqNjjbuKyrgQxg2EvCmfWdjq+4uj96c0YPw==",
        "dependencies": {
          "@mongodb-js/saslprep": "@mongodb-js/saslprep@1.1.0",
          "bson": "bson@6.1.0",
          "mongodb-connection-string-url": "mongodb-connection-string-url@2.6.0"
        }
      },
      "node-domexception@1.0.0": {
        "integrity": "sha512-/jKZoMpw0F8GRwl4/eLROPA3cfcXtLApP0QzLmUT/HuPCZWyB7IY9ZrMeKw2O/nFIqPQB3PVM9aYm0F312AXDQ==",
        "dependencies": {}
      },
      "node-fetch@3.3.2": {
        "integrity": "sha512-dRB78srN/l6gqWulah9SrxeYnxeddIG30+GOqK/9OlLVyLg3HPnr6SqOWTWOXKRwC2eGYCkZ59NNuSgvSrpgOA==",
        "dependencies": {
          "data-uri-to-buffer": "data-uri-to-buffer@4.0.1",
          "fetch-blob": "fetch-blob@3.2.0",
          "formdata-polyfill": "formdata-polyfill@4.0.10"
        }
      },
      "openapi-typescript@5.4.1": {
        "integrity": "sha512-AGB2QiZPz4rE7zIwV3dRHtoUC/CWHhUjuzGXvtmMQN2AFV8xCTLKcZUHLcdPQmt/83i22nRE7+TxXOXkK+gf4Q==",
        "dependencies": {
          "js-yaml": "js-yaml@4.1.0",
          "mime": "mime@3.0.0",
          "prettier": "prettier@2.8.8",
          "tiny-glob": "tiny-glob@0.2.9",
          "undici": "undici@5.24.0",
          "yargs-parser": "yargs-parser@21.1.1"
        }
      },
      "prettier@2.8.8": {
        "integrity": "sha512-tdN8qQGvNjw4CHbY+XXk0JgCXn9QiF21a55rBe5LJAU+kDyC4WQn4+awm2Xfk2lQMk5fKup9XgzTZtGkjBdP9Q==",
        "dependencies": {}
      },
      "punycode@2.3.0": {
        "integrity": "sha512-rRV+zQD8tVFys26lAGR9WUuS4iUAngJScM+ZRSKtvl5tKeZ2t5bvdNFdNHBW9FWR4guGHlgmsZ1G7BSm2wTbuA==",
        "dependencies": {}
      },
      "revolt-api@0.6.4": {
        "integrity": "sha512-5Q6K1CH9P6An40Jime9B11kT1Q1emw1+ipz0Hz4Y78sV6fHQDBuFZF9FdLfCWUdiW9/TZgHVbSVnoDr/jp8lVw==",
        "dependencies": {
          "@insertish/oapi": "@insertish/oapi@0.1.18",
          "axios": "axios@0.26.1",
          "lodash.defaultsdeep": "lodash.defaultsdeep@4.6.1"
        }
      },
      "revolt.js@7.0.0-beta.9_solid-js@1.7.11_ws@8.14.1": {
        "integrity": "sha512-+qOmo8MXY5vqRTsp/i9lbELNEkb+X8MQuvul6k8qpm+Lo5rg7YRPO/YRdCNSgUuF6BOLcB8OdoJQuWstJArDUA==",
        "dependencies": {
          "@mxssfd/typedoc-theme": "@mxssfd/typedoc-theme@1.1.3_typedoc@0.25.1__typescript@5.1.6",
          "@solid-primitives/map": "@solid-primitives/map@0.4.8_solid-js@1.7.11",
          "@solid-primitives/set": "@solid-primitives/set@0.4.8_solid-js@1.7.11",
          "eventemitter3": "eventemitter3@5.0.1",
          "isomorphic-ws": "isomorphic-ws@5.0.0_ws@8.14.1",
          "long": "long@5.2.3",
          "revolt-api": "revolt-api@0.6.4",
          "solid-js": "solid-js@1.7.11",
          "typedoc": "typedoc@0.24.8_typescript@5.1.6",
          "ulid": "ulid@2.3.0",
          "ws": "ws@8.14.1"
        }
      },
      "seroval@0.5.1": {
        "integrity": "sha512-ZfhQVB59hmIauJG5Ydynupy8KHyr5imGNtdDhbZG68Ufh1Ynkv9KOYOAABf71oVbQxJ8VkWnMHAjEHE7fWkH5g==",
        "dependencies": {}
      },
      "shiki@0.14.4": {
        "integrity": "sha512-IXCRip2IQzKwxArNNq1S+On4KPML3Yyn8Zzs/xRgcgOWIr8ntIK3IKzjFPfjy/7kt9ZMjc+FItfqHRBg8b6tNQ==",
        "dependencies": {
          "ansi-sequence-parser": "ansi-sequence-parser@1.1.1",
          "jsonc-parser": "jsonc-parser@3.2.0",
          "vscode-oniguruma": "vscode-oniguruma@1.7.0",
          "vscode-textmate": "vscode-textmate@8.0.0"
        }
      },
      "solid-js@1.7.11": {
        "integrity": "sha512-JkuvsHt8jqy7USsy9xJtT18aF9r2pFO+GB8JQ2XGTvtF49rGTObB46iebD25sE3qVNvIbwglXOXdALnJq9IHtQ==",
        "dependencies": {
          "csstype": "csstype@3.1.2",
          "seroval": "seroval@0.5.1"
        }
      },
      "sparse-bitfield@3.0.3": {
        "integrity": "sha512-kvzhi7vqKTfkh0PZU+2D2PIllw2ymqJKujUcyPMd9Y75Nv4nPbGJZXNhxsgdQab2BmlDct1YnfQCguEvHr7VsQ==",
        "dependencies": {
          "memory-pager": "memory-pager@1.5.0"
        }
      },
      "streamsearch@1.1.0": {
        "integrity": "sha512-Mcc5wHehp9aXz1ax6bZUyY5afg9u2rv5cqQI3mRrYkGC8rW2hM02jWuwjtL++LS5qinSyhj2QfLyNsuc+VsExg==",
        "dependencies": {}
      },
      "tiny-glob@0.2.9": {
        "integrity": "sha512-g/55ssRPUjShh+xkfx9UPDXqhckHEsHr4Vd9zX55oSdGZc/MD0m3sferOkwWtp98bv+kcVfEHtRJgBVJzelrzg==",
        "dependencies": {
          "globalyzer": "globalyzer@0.1.0",
          "globrex": "globrex@0.1.2"
        }
      },
      "tr46@3.0.0": {
        "integrity": "sha512-l7FvfAHlcmulp8kr+flpQZmVwtu7nfRV7NZujtN0OqES8EL4O4e0qqzL0DC5gAvx/ZC/9lk6rhcUwYvkBnBnYA==",
        "dependencies": {
          "punycode": "punycode@2.3.0"
        }
      },
      "typedoc@0.24.8_typescript@5.1.6": {
        "integrity": "sha512-ahJ6Cpcvxwaxfu4KtjA8qZNqS43wYt6JL27wYiIgl1vd38WW/KWX11YuAeZhuz9v+ttrutSsgK+XO1CjL1kA3w==",
        "dependencies": {
          "lunr": "lunr@2.3.9",
          "marked": "marked@4.3.0",
          "minimatch": "minimatch@9.0.3",
          "shiki": "shiki@0.14.4",
          "typescript": "typescript@5.1.6"
        }
      },
      "typedoc@0.25.1_typescript@5.1.6": {
        "integrity": "sha512-c2ye3YUtGIadxN2O6YwPEXgrZcvhlZ6HlhWZ8jQRNzwLPn2ylhdGqdR8HbyDRyALP8J6lmSANILCkkIdNPFxqA==",
        "dependencies": {
          "lunr": "lunr@2.3.9",
          "marked": "marked@4.3.0",
          "minimatch": "minimatch@9.0.3",
          "shiki": "shiki@0.14.4",
          "typescript": "typescript@5.1.6"
        }
      },
      "typescript@4.9.5": {
        "integrity": "sha512-1FXk9E2Hm+QzZQ7z+McJiHL4NW1F2EzMu9Nq9i3zAaGqibafqYwCVU6WyWAuyQRRzOlxou8xZSyXLEN8oKj24g==",
        "dependencies": {}
      },
      "typescript@5.1.6": {
        "integrity": "sha512-zaWCozRZ6DLEWAWFrVDz1H6FVXzUSfTy5FUMWsQlU8Ym5JP9eO4xkTIROFCQvhQf61z6O/G6ugw3SgAnvvm+HA==",
        "dependencies": {}
      },
      "ulid@2.3.0": {
        "integrity": "sha512-keqHubrlpvT6G2wH0OEfSW4mquYRcbe/J8NMmveoQOjUqmo+hXtO+ORCpWhdbZ7k72UtY61BL7haGxW6enBnjw==",
        "dependencies": {}
      },
      "undici@5.24.0": {
        "integrity": "sha512-OKlckxBjFl0oXxcj9FU6oB8fDAaiRUq+D8jrFWGmOfI/gIyjk/IeS75LMzgYKUaeHzLUcYvf9bbJGSrUwTfwwQ==",
        "dependencies": {
          "busboy": "busboy@1.6.0"
        }
      },
      "vscode-oniguruma@1.7.0": {
        "integrity": "sha512-L9WMGRfrjOhgHSdOYgCt/yRMsXzLDJSL7BPrOZt73gU0iWO4mpqzqQzOz5srxqTvMBaR0XZTSrVWo4j55Rc6cA==",
        "dependencies": {}
      },
      "vscode-textmate@8.0.0": {
        "integrity": "sha512-AFbieoL7a5LMqcnOF04ji+rpXadgOXnZsxQr//r83kLPr7biP7am3g9zbaZIaBGwBRWeSvoMD4mgPdX3e4NWBg==",
        "dependencies": {}
      },
      "web-streams-polyfill@3.2.1": {
        "integrity": "sha512-e0MO3wdXWKrLbL0DgGnUV7WHVuw9OUvL4hjgnPkIeEvESk74gAITi5G606JtZPp39cd8HA9VQzCIvA49LpPN5Q==",
        "dependencies": {}
      },
      "webidl-conversions@7.0.0": {
        "integrity": "sha512-VwddBukDzu71offAQR975unBIGqfKZpM+8ZX6ySk8nYhVoo5CYaZyzt3YBvYtRtO+aoGlqxPg/B87NGVZ/fu6g==",
        "dependencies": {}
      },
      "whatwg-url@11.0.0": {
        "integrity": "sha512-RKT8HExMpoYx4igMiVMY83lN6UeITKJlBQ+vR/8ZJ8OCdSiN3RwCq+9gH0+Xzj0+5IrM6i4j/6LuvzbZIQgEcQ==",
        "dependencies": {
          "tr46": "tr46@3.0.0",
          "webidl-conversions": "webidl-conversions@7.0.0"
        }
      },
      "ws@8.14.1": {
        "integrity": "sha512-4OOseMUq8AzRBI/7SLMUwO+FEDnguetSk7KMb1sHwvF2w2Wv5Hoj0nlifx8vtGsftE/jWHojPy8sMMzYLJ2G/A==",
        "dependencies": {}
      },
      "yargs-parser@21.1.1": {
        "integrity": "sha512-tVpsJW7DdjecAiFpbIB1e3qxIQsE6NoPc5/eTdrbbIC4h0LVsWhnoa3g+m2HclBIujHzsxZ4VJVA+GUuc2/LBw==",
        "dependencies": {}
      }
    }
  }
}
